# THIS IS AN AUTOGENERATED FILE. DO NOT EDIT THIS FILE DIRECTLY.
# yarn lockfile v1


postgres@^3.4.3:
  version "3.4.3"
  resolved "https://registry.yarnpkg.com/postgres/-/postgres-3.4.3.tgz#52a0712cd6c2dae5e9f8c35b5c7b33434caa66ed"
  integrity sha512-iHJn4+M9vbTdHSdDzNkC0crHq+1CUdFhx+YqCE+SqWxPjm+Zu63jq7yZborOBF64c8pc58O5uMudyL1FQcHacA==
